
Microsoft Visual Studio Solution File, Format Version 12.00
# Visual Studio Version 16
VisualStudioVersion = 16.0.29123.88
MinimumVisualStudioVersion = 10.0.40219.1
Project("{FAE04EC0-301F-11D3-BF4B-00C04F79EFBC}") = "SmartMirrorForAndroid", "SmartMirrorForAndroid\SmartMirrorForAndroid.csproj", "{CBAF79F7-E46C-4807-90CE-BC6A06E9B340}"
EndProject
Project("{9A19103F-16F7-4668-BE54-9A1E7A4F7556}") = "Library", "Library\Library.csproj", "{0C7116D9-DB5D-422A-994B-2B8BB67A3FA7}"
EndProject
Project("{FAE04EC0-301F-11D3-BF4B-00C04F79EFBC}") = "FaceDetectDroid", "camerapictureTaking\FaceDetectDroid.csproj", "{87C9D5D9-DACC-419F-9B6A-857FE64867FD}"
EndProject
Global
	GlobalSection(SolutionConfigurationPlatforms) = preSolution
		Debug|Any CPU = Debug|Any CPU
		Release|Any CPU = Release|Any CPU
	EndGlobalSection
	GlobalSection(ProjectConfigurationPlatforms) = postSolution
		{CBAF79F7-E46C-4807-90CE-BC6A06E9B340}.Debug|Any CPU.ActiveCfg = Debug|Any CPU
		{CBAF79F7-E46C-4807-90CE-BC6A06E9B340}.Release|Any CPU.ActiveCfg = Release|Any CPU
		{CBAF79F7-E46C-4807-90CE-BC6A06E9B340}.Release|Any CPU.Build.0 = Release|Any CPU
		{CBAF79F7-E46C-4807-90CE-BC6A06E9B340}.Release|Any CPU.Deploy.0 = Release|Any CPU
		{0C7116D9-DB5D-422A-994B-2B8BB67A3FA7}.Debug|Any CPU.ActiveCfg = Debug|Any CPU
		{0C7116D9-DB5D-422A-994B-2B8BB67A3FA7}.Debug|Any CPU.Build.0 = Debug|Any CPU
		{0C7116D9-DB5D-422A-994B-2B8BB67A3FA7}.Release|Any CPU.ActiveCfg = Release|Any CPU
		{0C7116D9-DB5D-422A-994B-2B8BB67A3FA7}.Release|Any CPU.Build.0 = Release|Any CPU
		{87C9D5D9-DACC-419F-9B6A-857FE64867FD}.Debug|Any CPU.ActiveCfg = Debug|Any CPU
		{87C9D5D9-DACC-419F-9B6A-857FE64867FD}.Debug|Any CPU.Build.0 = Debug|Any CPU
		{87C9D5D9-DACC-419F-9B6A-857FE64867FD}.Debug|Any CPU.Deploy.0 = Debug|Any CPU
		{87C9D5D9-DACC-419F-9B6A-857FE64867FD}.Release|Any CPU.ActiveCfg = Release|Any CPU
		{87C9D5D9-DACC-419F-9B6A-857FE64867FD}.Release|Any CPU.Build.0 = Release|Any CPU
		{87C9D5D9-DACC-419F-9B6A-857FE64867FD}.Release|Any CPU.Deploy.0 = Release|Any CPU
	EndGlobalSection
	GlobalSection(SolutionProperties) = preSolution
		HideSolutionNode = FALSE
	EndGlobalSection
	GlobalSection(ExtensibilityGlobals) = postSolution
		SolutionGuid = {260C73BB-4E2D-44F5-8B53-33069D016CA9}
	EndGlobalSection
EndGlobal
