
Microsoft Visual Studio Solution File, Format Version 12.00
# Visual Studio 15
VisualStudioVersion = 15.0.27703.2026
MinimumVisualStudioVersion = 10.0.40219.1
Project("{FAE04EC0-301F-11D3-BF4B-00C04F79EFBC}") = "SmartMirrorForAndroid", "SmartMirrorForAndroid\SmartMirrorForAndroid.csproj", "{CBAF79F7-E46C-4807-90CE-BC6A06E9B340}"
EndProject
Global
	GlobalSection(SolutionConfigurationPlatforms) = preSolution
		Debug|Any CPU = Debug|Any CPU
		Release|Any CPU = Release|Any CPU
	EndGlobalSection
	GlobalSection(ProjectConfigurationPlatforms) = postSolution
		{CBAF79F7-E46C-4807-90CE-BC6A06E9B340}.Debug|Any CPU.ActiveCfg = Debug|Any CPU
		{CBAF79F7-E46C-4807-90CE-BC6A06E9B340}.Debug|Any CPU.Build.0 = Debug|Any CPU
		{CBAF79F7-E46C-4807-90CE-BC6A06E9B340}.Debug|Any CPU.Deploy.0 = Debug|Any CPU
		{CBAF79F7-E46C-4807-90CE-BC6A06E9B340}.Release|Any CPU.ActiveCfg = Release|Any CPU
		{CBAF79F7-E46C-4807-90CE-BC6A06E9B340}.Release|Any CPU.Build.0 = Release|Any CPU
		{CBAF79F7-E46C-4807-90CE-BC6A06E9B340}.Release|Any CPU.Deploy.0 = Release|Any CPU
	EndGlobalSection
	GlobalSection(SolutionProperties) = preSolution
		HideSolutionNode = FALSE
	EndGlobalSection
	GlobalSection(ExtensibilityGlobals) = postSolution
		SolutionGuid = {260C73BB-4E2D-44F5-8B53-33069D016CA9}
	EndGlobalSection
EndGlobal
